
Microsoft Visual Studio Solution File, Format Version 12.00
# Visual Studio Version 16
VisualStudioVersion = 16.0.30320.27
MinimumVisualStudioVersion = 10.0.40219.1
Project("{FAE04EC0-301F-11D3-BF4B-00C04F79EFBC}") = "WeatherApp.Android", "WeatherApp\WeatherApp.Android\WeatherApp.Android.csproj", "{87456552-4FB0-457F-AC57-D2942F1278F5}"
EndProject
Project("{FAE04EC0-301F-11D3-BF4B-00C04F79EFBC}") = "WeatherApp.iOS", "WeatherApp\WeatherApp.iOS\WeatherApp.iOS.csproj", "{34863A14-1514-42CB-814F-74E979B68E0B}"
EndProject
Project("{FAE04EC0-301F-11D3-BF4B-00C04F79EFBC}") = "WeatherApp", "WeatherApp\WeatherApp\WeatherApp.csproj", "{0FFCC328-37C3-4226-A0C8-227FD37B7F91}"
EndProject
Global
	GlobalSection(SolutionConfigurationPlatforms) = preSolution
		Debug|Any CPU = Debug|Any CPU
		Debug|iPhone = Debug|iPhone
		Debug|iPhoneSimulator = Debug|iPhoneSimulator
		Release|Any CPU = Release|Any CPU
		Release|iPhone = Release|iPhone
		Release|iPhoneSimulator = Release|iPhoneSimulator
	EndGlobalSection
	GlobalSection(ProjectConfigurationPlatforms) = postSolution
		{87456552-4FB0-457F-AC57-D2942F1278F5}.Debug|Any CPU.ActiveCfg = Debug|Any CPU
		{87456552-4FB0-457F-AC57-D2942F1278F5}.Debug|Any CPU.Build.0 = Debug|Any CPU
		{87456552-4FB0-457F-AC57-D2942F1278F5}.Debug|Any CPU.Deploy.0 = Debug|Any CPU
		{87456552-4FB0-457F-AC57-D2942F1278F5}.Debug|iPhone.ActiveCfg = Debug|Any CPU
		{87456552-4FB0-457F-AC57-D2942F1278F5}.Debug|iPhone.Build.0 = Debug|Any CPU
		{87456552-4FB0-457F-AC57-D2942F1278F5}.Debug|iPhone.Deploy.0 = Debug|Any CPU
		{87456552-4FB0-457F-AC57-D2942F1278F5}.Debug|iPhoneSimulator.ActiveCfg = Debug|Any CPU
		{87456552-4FB0-457F-AC57-D2942F1278F5}.Debug|iPhoneSimulator.Build.0 = Debug|Any CPU
		{87456552-4FB0-457F-AC57-D2942F1278F5}.Debug|iPhoneSimulator.Deploy.0 = Debug|Any CPU
		{87456552-4FB0-457F-AC57-D2942F1278F5}.Release|Any CPU.ActiveCfg = Release|Any CPU
		{87456552-4FB0-457F-AC57-D2942F1278F5}.Release|Any CPU.Build.0 = Release|Any CPU
		{87456552-4FB0-457F-AC57-D2942F1278F5}.Release|Any CPU.Deploy.0 = Release|Any CPU
		{87456552-4FB0-457F-AC57-D2942F1278F5}.Release|iPhone.ActiveCfg = Release|Any CPU
		{87456552-4FB0-457F-AC57-D2942F1278F5}.Release|iPhone.Build.0 = Release|Any CPU
		{87456552-4FB0-457F-AC57-D2942F1278F5}.Release|iPhone.Deploy.0 = Release|Any CPU
		{87456552-4FB0-457F-AC57-D2942F1278F5}.Release|iPhoneSimulator.ActiveCfg = Release|Any CPU
		{87456552-4FB0-457F-AC57-D2942F1278F5}.Release|iPhoneSimulator.Build.0 = Release|Any CPU
		{87456552-4FB0-457F-AC57-D2942F1278F5}.Release|iPhoneSimulator.Deploy.0 = Release|Any CPU
		{34863A14-1514-42CB-814F-74E979B68E0B}.Debug|Any CPU.ActiveCfg = Debug|iPhone
		{34863A14-1514-42CB-814F-74E979B68E0B}.Debug|Any CPU.Build.0 = Debug|iPhone
		{34863A14-1514-42CB-814F-74E979B68E0B}.Debug|Any CPU.Deploy.0 = Debug|iPhone
		{34863A14-1514-42CB-814F-74E979B68E0B}.Debug|iPhone.ActiveCfg = Debug|iPhone
		{34863A14-1514-42CB-814F-74E979B68E0B}.Debug|iPhone.Build.0 = Debug|iPhone
		{34863A14-1514-42CB-814F-74E979B68E0B}.Debug|iPhone.Deploy.0 = Debug|iPhone
		{34863A14-1514-42CB-814F-74E979B68E0B}.Debug|iPhoneSimulator.ActiveCfg = Debug|iPhoneSimulator
		{34863A14-1514-42CB-814F-74E979B68E0B}.Debug|iPhoneSimulator.Build.0 = Debug|iPhoneSimulator
		{34863A14-1514-42CB-814F-74E979B68E0B}.Debug|iPhoneSimulator.Deploy.0 = Debug|iPhoneSimulator
		{34863A14-1514-42CB-814F-74E979B68E0B}.Release|Any CPU.ActiveCfg = Release|iPhone
		{34863A14-1514-42CB-814F-74E979B68E0B}.Release|Any CPU.Build.0 = Release|iPhone
		{34863A14-1514-42CB-814F-74E979B68E0B}.Release|Any CPU.Deploy.0 = Release|iPhone
		{34863A14-1514-42CB-814F-74E979B68E0B}.Release|iPhone.ActiveCfg = Release|iPhone
		{34863A14-1514-42CB-814F-74E979B68E0B}.Release|iPhone.Build.0 = Release|iPhone
		{34863A14-1514-42CB-814F-74E979B68E0B}.Release|iPhone.Deploy.0 = Release|iPhone
		{34863A14-1514-42CB-814F-74E979B68E0B}.Release|iPhoneSimulator.ActiveCfg = Release|iPhoneSimulator
		{34863A14-1514-42CB-814F-74E979B68E0B}.Release|iPhoneSimulator.Build.0 = Release|iPhoneSimulator
		{34863A14-1514-42CB-814F-74E979B68E0B}.Release|iPhoneSimulator.Deploy.0 = Release|iPhoneSimulator
		{0FFCC328-37C3-4226-A0C8-227FD37B7F91}.Debug|Any CPU.ActiveCfg = Debug|Any CPU
		{0FFCC328-37C3-4226-A0C8-227FD37B7F91}.Debug|Any CPU.Build.0 = Debug|Any CPU
		{0FFCC328-37C3-4226-A0C8-227FD37B7F91}.Debug|Any CPU.Deploy.0 = Debug|Any CPU
		{0FFCC328-37C3-4226-A0C8-227FD37B7F91}.Debug|iPhone.ActiveCfg = Debug|Any CPU
		{0FFCC328-37C3-4226-A0C8-227FD37B7F91}.Debug|iPhone.Build.0 = Debug|Any CPU
		{0FFCC328-37C3-4226-A0C8-227FD37B7F91}.Debug|iPhone.Deploy.0 = Debug|Any CPU
		{0FFCC328-37C3-4226-A0C8-227FD37B7F91}.Debug|iPhoneSimulator.ActiveCfg = Debug|Any CPU
		{0FFCC328-37C3-4226-A0C8-227FD37B7F91}.Debug|iPhoneSimulator.Build.0 = Debug|Any CPU
		{0FFCC328-37C3-4226-A0C8-227FD37B7F91}.Debug|iPhoneSimulator.Deploy.0 = Debug|Any CPU
		{0FFCC328-37C3-4226-A0C8-227FD37B7F91}.Release|Any CPU.ActiveCfg = Release|Any CPU
		{0FFCC328-37C3-4226-A0C8-227FD37B7F91}.Release|Any CPU.Build.0 = Release|Any CPU
		{0FFCC328-37C3-4226-A0C8-227FD37B7F91}.Release|Any CPU.Deploy.0 = Release|Any CPU
		{0FFCC328-37C3-4226-A0C8-227FD37B7F91}.Release|iPhone.ActiveCfg = Release|Any CPU
		{0FFCC328-37C3-4226-A0C8-227FD37B7F91}.Release|iPhone.Build.0 = Release|Any CPU
		{0FFCC328-37C3-4226-A0C8-227FD37B7F91}.Release|iPhone.Deploy.0 = Release|Any CPU
		{0FFCC328-37C3-4226-A0C8-227FD37B7F91}.Release|iPhoneSimulator.ActiveCfg = Release|Any CPU
		{0FFCC328-37C3-4226-A0C8-227FD37B7F91}.Release|iPhoneSimulator.Build.0 = Release|Any CPU
		{0FFCC328-37C3-4226-A0C8-227FD37B7F91}.Release|iPhoneSimulator.Deploy.0 = Release|Any CPU
	EndGlobalSection
	GlobalSection(SolutionProperties) = preSolution
		HideSolutionNode = FALSE
	EndGlobalSection
	GlobalSection(ExtensibilityGlobals) = postSolution
		SolutionGuid = {1CCF5C8A-308F-4C3A-83AF-4DBF76CABCC1}
	EndGlobalSection
EndGlobal
